// !$*UTF8*$!
{
	archiveVersion = 1;
	classes = {
	};
	objectVersion = 50;
	objects = {

/* Begin PBXBuildFile section */
		0C95F821261F2D3E0084781D /* PlaygroundWrapperApp.swift in Sources */ = {isa = PBXBuildFile; fileRef = 0C95F820261F2D3E0084781D /* PlaygroundWrapperApp.swift */; };
		0C95F823261F2D3E0084781D /* ContentView.swift in Sources */ = {isa = PBXBuildFile; fileRef = 0C95F822261F2D3E0084781D /* ContentView.swift */; };
		0C95F825261F2D400084781D /* Assets.xcassets in Resources */ = {isa = PBXBuildFile; fileRef = 0C95F824261F2D400084781D /* Assets.xcassets */; };
		0C95F828261F2D400084781D /* Preview Assets.xcassets in Resources */ = {isa = PBXBuildFile; fileRef = 0C95F827261F2D400084781D /* Preview Assets.xcassets */; };
/* End PBXBuildFile section */

/* Begin PBXFileReference section */
		0C95F81D261F2D3E0084781D /* PlaygroundWrapper.app */ = {isa = PBXFileReference; explicitFileType = wrapper.application; includeInIndex = 0; path = PlaygroundWrapper.app; sourceTree = BUILT_PRODUCTS_DIR; };
		0C95F820261F2D3E0084781D /* PlaygroundWrapperApp.swift */ = {isa = PBXFileReference; lastKnownFileType = sourcecode.swift; path = PlaygroundWrapperApp.swift; sourceTree = "<group>"; };
		0C95F822261F2D3E0084781D /* ContentView.swift */ = {isa = PBXFileReference; lastKnownFileType = sourcecode.swift; path = ContentView.swift; sourceTree = "<group>"; };
		0C95F824261F2D400084781D /* Assets.xcassets */ = {isa = PBXFileReference; lastKnownFileType = folder.assetcatalog; path = Assets.xcassets; sourceTree = "<group>"; };
		0C95F827261F2D400084781D /* Preview Assets.xcassets */ = {isa = PBXFileReference; lastKnownFileType = folder.assetcatalog; path = "Preview Assets.xcassets"; sourceTree = "<group>"; };
		0C95F829261F2D400084781D /* Info.plist */ = {isa = PBXFileReference; lastKnownFileType = text.plist.xml; path = Info.plist; sourceTree = "<group>"; };
		0C95F830261F2D4B0084781D /* WhereIsMyCoffee.playground */ = {isa = PBXFileReference; lastKnownFileType = file.playground; name = WhereIsMyCoffee.playground; path = ../WhereIsMyCoffee.playground; sourceTree = "<group>"; xcLanguageSpecificationIdentifier = xcode.lang.swift; };
		0CE9598E262E20B700F88FA5 /* otherwise.playgroundbook */ = {isa = PBXFileReference; lastKnownFileType = wrapper; path = otherwise.playgroundbook; sourceTree = "<group>"; };
/* End PBXFileReference section */

/* Begin PBXFrameworksBuildPhase section */
		0C95F81A261F2D3E0084781D /* Frameworks */ = {
			isa = PBXFrameworksBuildPhase;
			buildActionMask = 2147483647;
			files = (
			);
			runOnlyForDeploymentPostprocessing = 0;
		};
/* End PBXFrameworksBuildPhase section */

/* Begin PBXGroup section */
		0C95F814261F2D3E0084781D = {
			isa = PBXGroup;
			children = (
				0CE9598E262E20B700F88FA5 /* otherwise.playgroundbook */,
				0C95F830261F2D4B0084781D /* WhereIsMyCoffee.playground */,
				0C95F81F261F2D3E0084781D /* PlaygroundWrapper */,
				0C95F81E261F2D3E0084781D /* Products */,
			);
			sourceTree = "<group>";
		};
		0C95F81E261F2D3E0084781D /* Products */ = {
			isa = PBXGroup;
			children = (
				0C95F81D261F2D3E0084781D /* PlaygroundWrapper.app */,
			);
			name = Products;
			sourceTree = "<group>";
		};
		0C95F81F261F2D3E0084781D /* PlaygroundWrapper */ = {
			isa = PBXGroup;
			children = (
				0CB036D82620967E008F094B /* References */,
				0C95F820261F2D3E0084781D /* PlaygroundWrapperApp.swift */,
				0C95F822261F2D3E0084781D /* ContentView.swift */,
				0C95F824261F2D400084781D /* Assets.xcassets */,
				0C95F829261F2D400084781D /* Info.plist */,
				0C95F826261F2D400084781D /* Preview Content */,
			);
			path = PlaygroundWrapper;
			sourceTree = "<group>";
		};
		0C95F826261F2D400084781D /* Preview Content */ = {
			isa = PBXGroup;
			children = (
				0C95F827261F2D400084781D /* Preview Assets.xcassets */,
			);
			path = "Preview Content";
			sourceTree = "<group>";
		};
		0CB036D82620967E008F094B /* References */ = {
			isa = PBXGroup;
			children = (
			);
			name = References;
			sourceTree = "<group>";
		};
/* End PBXGroup section */

/* Begin PBXNativeTarget section */
		0C95F81C261F2D3E0084781D /* PlaygroundWrapper */ = {
			isa = PBXNativeTarget;
			buildConfigurationList = 0C95F82C261F2D400084781D /* Build configuration list for PBXNativeTarget "PlaygroundWrapper" */;
			buildPhases = (
				0C95F819261F2D3E0084781D /* Sources */,
				0C95F81A261F2D3E0084781D /* Frameworks */,
				0C95F81B261F2D3E0084781D /* Resources */,
			);
			buildRules = (
			);
			dependencies = (
			);
			name = PlaygroundWrapper;
			productName = PlaygroundWrapper;
			productReference = 0C95F81D261F2D3E0084781D /* PlaygroundWrapper.app */;
			productType = "com.apple.product-type.application";
		};
/* End PBXNativeTarget section */

/* Begin PBXProject section */
		0C95F815261F2D3E0084781D /* Project object */ = {
			isa = PBXProject;
			attributes = {
				LastSwiftUpdateCheck = 1240;
				LastUpgradeCheck = 1240;
				TargetAttributes = {
					0C95F81C261F2D3E0084781D = {
						CreatedOnToolsVersion = 12.4;
					};
				};
			};
			buildConfigurationList = 0C95F818261F2D3E0084781D /* Build configuration list for PBXProject "PlaygroundWrapper" */;
			compatibilityVersion = "Xcode 9.3";
			developmentRegion = en;
			hasScannedForEncodings = 0;
			knownRegions = (
				en,
				Base,
			);
			mainGroup = 0C95F814261F2D3E0084781D;
			productRefGroup = 0C95F81E261F2D3E0084781D /* Products */;
			projectDirPath = "";
			projectRoot = "";
			targets = (
				0C95F81C261F2D3E0084781D /* PlaygroundWrapper */,
			);
		};
/* End PBXProject section */

/* Begin PBXResourcesBuildPhase section */
		0C95F81B261F2D3E0084781D /* Resources */ = {
			isa = PBXResourcesBuildPhase;
			buildActionMask = 2147483647;
			files = (
				0C95F828261F2D400084781D /* Preview Assets.xcassets in Resources */,
				0C95F825261F2D400084781D /* Assets.xcassets in Resources */,
			);
			runOnlyForDeploymentPostprocessing = 0;
		};
/* End PBXResourcesBuildPhase section */

/* Begin PBXSourcesBuildPhase section */
		0C95F819261F2D3E0084781D /* Sources */ = {
			isa = PBXSourcesBuildPhase;
			buildActionMask = 2147483647;
			files = (
				0C95F823261F2D3E0084781D /* ContentView.swift in Sources */,
				0C95F821261F2D3E0084781D /* PlaygroundWrapperApp.swift in Sources */,
			);
			runOnlyForDeploymentPostprocessing = 0;
		};
/* End PBXSourcesBuildPhase section */

/* Begin XCBuildConfiguration section */
		0C95F82A261F2D400084781D /* Debug */ = {
			isa = XCBuildConfiguration;
			buildSettings = {
				ALWAYS_SEARCH_USER_PATHS = NO;
				CLANG_ANALYZER_NONNULL = YES;
				CLANG_ANALYZER_NUMBER_OBJECT_CONVERSION = YES_AGGRESSIVE;
				CLANG_CXX_LANGUAGE_STANDARD = "gnu++14";
				CLANG_CXX_LIBRARY = "libc++";
				CLANG_ENABLE_MODULES = YES;
				CLANG_ENABLE_OBJC_ARC = YES;
				CLANG_ENABLE_OBJC_WEAK = YES;
				CLANG_WARN_BLOCK_CAPTURE_AUTORELEASING = YES;
				CLANG_WARN_BOOL_CONVERSION = YES;
				CLANG_WARN_COMMA = YES;
				CLANG_WARN_CONSTANT_CONVERSION = YES;
				CLANG_WARN_DEPRECATED_OBJC_IMPLEMENTATIONS = YES;
				CLANG_WARN_DIRECT_OBJC_ISA_USAGE = YES_ERROR;
				CLANG_WARN_DOCUMENTATION_COMMENTS = YES;
				CLANG_WARN_EMPTY_BODY = YES;
				CLANG_WARN_ENUM_CONVERSION = YES;
				CLANG_WARN_INFINITE_RECURSION = YES;
				CLANG_WARN_INT_CONVERSION = YES;
				CLANG_WARN_NON_LITERAL_NULL_CONVERSION = YES;
				CLANG_WARN_OBJC_IMPLICIT_RETAIN_SELF = YES;
				CLANG_WARN_OBJC_LITERAL_CONVERSION = YES;
				CLANG_WARN_OBJC_ROOT_CLASS = YES_ERROR;
				CLANG_WARN_QUOTED_INCLUDE_IN_FRAMEWORK_HEADER = YES;
				CLANG_WARN_RANGE_LOOP_ANALYSIS = YES;
				CLANG_WARN_STRICT_PROTOTYPES = YES;
				CLANG_WARN_SUSPICIOUS_MOVE = YES;
				CLANG_WARN_UNGUARDED_AVAILABILITY = YES_AGGRESSIVE;
				CLANG_WARN_UNREACHABLE_CODE = YES;
				CLANG_WARN__DUPLICATE_METHOD_MATCH = YES;
				COPY_PHASE_STRIP = NO;
				DEBUG_INFORMATION_FORMAT = dwarf;
				ENABLE_STRICT_OBJC_MSGSEND = YES;
				ENABLE_TESTABILITY = YES;
				GCC_C_LANGUAGE_STANDARD = gnu11;
				GCC_DYNAMIC_NO_PIC = NO;
				GCC_NO_COMMON_BLOCKS = YES;
				GCC_OPTIMIZATION_LEVEL = 0;
				GCC_PREPROCESSOR_DEFINITIONS = (
					"DEBUG=1",
					"$(inherited)",
				);
				GCC_WARN_64_TO_32_BIT_CONVERSION = YES;
				GCC_WARN_ABOUT_RETURN_TYPE = YES_ERROR;
				GCC_WARN_UNDECLARED_SELECTOR = YES;
				GCC_WARN_UNINITIALIZED_AUTOS = YES_AGGRESSIVE;
				GCC_WARN_UNUSED_FUNCTION = YES;
				GCC_WARN_UNUSED_VARIABLE = YES;
				IPHONEOS_DEPLOYMENT_TARGET = 14.4;
				MTL_ENABLE_DEBUG_INFO = INCLUDE_SOURCE;
				MTL_FAST_MATH = YES;
				ONLY_ACTIVE_ARCH = YES;
				SDKROOT = iphoneos;
				SWIFT_ACTIVE_COMPILATION_CONDITIONS = DEBUG;
				SWIFT_OPTIMIZATION_LEVEL = "-Onone";
			};
			name = Debug;
		};
		0C95F82B261F2D400084781D /* Release */ = {
			isa = XCBuildConfiguration;
			buildSettings = {
				ALWAYS_SEARCH_USER_PATHS = NO;
				CLANG_ANALYZER_NONNULL = YES;
				CLANG_ANALYZER_NUMBER_OBJECT_CONVERSION = YES_AGGRESSIVE;
				CLANG_CXX_LANGUAGE_STANDARD = "gnu++14";
				CLANG_CXX_LIBRARY = "libc++";
				CLANG_ENABLE_MODULES = YES;
				CLANG_ENABLE_OBJC_ARC = YES;
				CLANG_ENABLE_OBJC_WEAK = YES;
				CLANG_WARN_BLOCK_CAPTURE_AUTORELEASING = YES;
				CLANG_WARN_BOOL_CONVERSION = YES;
				CLANG_WARN_COMMA = YES;
				CLANG_WARN_CONSTANT_CONVERSION = YES;
				CLANG_WARN_DEPRECATED_OBJC_IMPLEMENTATIONS = YES;
				CLANG_WARN_DIRECT_OBJC_ISA_USAGE = YES_ERROR;
				CLANG_WARN_DOCUMENTATION_COMMENTS = YES;
				CLANG_WARN_EMPTY_BODY = YES;
				CLANG_WARN_ENUM_CONVERSION = YES;
				CLANG_WARN_INFINITE_RECURSION = YES;
				CLANG_WARN_INT_CONVERSION = YES;
				CLANG_WARN_NON_LITERAL_NULL_CONVERSION = YES;
				CLANG_WARN_OBJC_IMPLICIT_RETAIN_SELF = YES;
				CLANG_WARN_OBJC_LITERAL_CONVERSION = YES;
				CLANG_WARN_OBJC_ROOT_CLASS = YES_ERROR;
				CLANG_WARN_QUOTED_INCLUDE_IN_FRAMEWORK_HEADER = YES;
				CLANG_WARN_RANGE_LOOP_ANALYSIS = YES;
				CLANG_WARN_STRICT_PROTOTYPES = YES;
				CLANG_WARN_SUSPICIOUS_MOVE = YES;
				CLANG_WARN_UNGUARDED_AVAILABILITY = YES_AGGRESSIVE;
				CLANG_WARN_UNREACHABLE_CODE = YES;
				CLANG_WARN__DUPLICATE_METHOD_MATCH = YES;
				COPY_PHASE_STRIP = NO;
				DEBUG_INFORMATION_FORMAT = "dwarf-with-dsym";
				ENABLE_NS_ASSERTIONS = NO;
				ENABLE_STRICT_OBJC_MSGSEND = YES;
				GCC_C_LANGUAGE_STANDARD = gnu11;
				GCC_NO_COMMON_BLOCKS = YES;
				GCC_WARN_64_TO_32_BIT_CONVERSION = YES;
				GCC_WARN_ABOUT_RETURN_TYPE = YES_ERROR;
				GCC_WARN_UNDECLARED_SELECTOR = YES;
				GCC_WARN_UNINITIALIZED_AUTOS = YES_AGGRESSIVE;
				GCC_WARN_UNUSED_FUNCTION = YES;
				GCC_WARN_UNUSED_VARIABLE = YES;
				IPHONEOS_DEPLOYMENT_TARGET = 14.4;
				MTL_ENABLE_DEBUG_INFO = NO;
				MTL_FAST_MATH = YES;
				SDKROOT = iphoneos;
				SWIFT_COMPILATION_MODE = wholemodule;
				SWIFT_OPTIMIZATION_LEVEL = "-O";
				VALIDATE_PRODUCT = YES;
			};
			name = Release;
		};
		0C95F82D261F2D400084781D /* Debug */ = {
			isa = XCBuildConfiguration;
			buildSettings = {
				ASSETCATALOG_COMPILER_APPICON_NAME = AppIcon;
				ASSETCATALOG_COMPILER_GLOBAL_ACCENT_COLOR_NAME = AccentColor;
				CODE_SIGN_STYLE = Automatic;
				DEVELOPMENT_ASSET_PATHS = "\"PlaygroundWrapper/Preview Content\"";
				ENABLE_PREVIEWS = YES;
				INFOPLIST_FILE = PlaygroundWrapper/Info.plist;
				IPHONEOS_DEPLOYMENT_TARGET = 14.0;
				LD_RUNPATH_SEARCH_PATHS = (
					"$(inherited)",
					"@executable_path/Frameworks",
				);
				PRODUCT_BUNDLE_IDENTIFIER = kuma.PlaygroundWrapper;
				PRODUCT_NAME = "$(TARGET_NAME)";
				SWIFT_VERSION = 5.0;
				TARGETED_DEVICE_FAMILY = "1,2";
			};
			name = Debug;
		};
		0C95F82E261F2D400084781D /* Release */ = {
			isa = XCBuildConfiguration;
			buildSettings = {
				ASSETCATALOG_COMPILER_APPICON_NAME = AppIcon;
				ASSETCATALOG_COMPILER_GLOBAL_ACCENT_COLOR_NAME = AccentColor;
				CODE_SIGN_STYLE = Automatic;
				DEVELOPMENT_ASSET_PATHS = "\"PlaygroundWrapper/Preview Content\"";
				ENABLE_PREVIEWS = YES;
				INFOPLIST_FILE = PlaygroundWrapper/Info.plist;
				IPHONEOS_DEPLOYMENT_TARGET = 14.0;
				LD_RUNPATH_SEARCH_PATHS = (
					"$(inherited)",
					"@executable_path/Frameworks",
				);
				PRODUCT_BUNDLE_IDENTIFIER = kuma.PlaygroundWrapper;
				PRODUCT_NAME = "$(TARGET_NAME)";
				SWIFT_VERSION = 5.0;
				TARGETED_DEVICE_FAMILY = "1,2";
			};
			name = Release;
		};
/* End XCBuildConfiguration section */

/* Begin XCConfigurationList section */
		0C95F818261F2D3E0084781D /* Build configuration list for PBXProject "PlaygroundWrapper" */ = {
			isa = XCConfigurationList;
			buildConfigurations = (
				0C95F82A261F2D400084781D /* Debug */,
				0C95F82B261F2D400084781D /* Release */,
			);
			defaultConfigurationIsVisible = 0;
			defaultConfigurationName = Release;
		};
		0C95F82C261F2D400084781D /* Build configuration list for PBXNativeTarget "PlaygroundWrapper" */ = {
			isa = XCConfigurationList;
			buildConfigurations = (
				0C95F82D261F2D400084781D /* Debug */,
				0C95F82E261F2D400084781D /* Release */,
			);
			defaultConfigurationIsVisible = 0;
			defaultConfigurationName = Release;
		};
/* End XCConfigurationList section */
	};
	rootObject = 0C95F815261F2D3E0084781D /* Project object */;
}
